
Microsoft Visual Studio Solution File, Format Version 11.00
# Visual C# Express 2010
Project("{FAE04EC0-301F-11D3-BF4B-00C04F79EFBC}") = "LetterWheel", "LetterWheel\LetterWheel\LetterWheel.csproj", "{A6C18A82-3B13-4585-B51A-6E01895B8103}"
EndProject
Project("{96E2B04D-8817-42C6-938A-82C39BA4D311}") = "LetterWheelContent", "LetterWheel\LetterWheelContent\LetterWheelContent.contentproj", "{D1E16BE4-F734-4348-B8E8-92429B0DA13F}"
EndProject
Global
	GlobalSection(SolutionConfigurationPlatforms) = preSolution
		Debug|x86 = Debug|x86
		Release|x86 = Release|x86
	EndGlobalSection
	GlobalSection(ProjectConfigurationPlatforms) = postSolution
		{A6C18A82-3B13-4585-B51A-6E01895B8103}.Debug|x86.ActiveCfg = Debug|x86
		{A6C18A82-3B13-4585-B51A-6E01895B8103}.Debug|x86.Build.0 = Debug|x86
		{A6C18A82-3B13-4585-B51A-6E01895B8103}.Release|x86.ActiveCfg = Release|x86
		{A6C18A82-3B13-4585-B51A-6E01895B8103}.Release|x86.Build.0 = Release|x86
		{D1E16BE4-F734-4348-B8E8-92429B0DA13F}.Debug|x86.ActiveCfg = Debug|x86
		{D1E16BE4-F734-4348-B8E8-92429B0DA13F}.Release|x86.ActiveCfg = Release|x86
	EndGlobalSection
	GlobalSection(SolutionProperties) = preSolution
		HideSolutionNode = FALSE
	EndGlobalSection
EndGlobal
